// !$*UTF8*$!
{
	archiveVersion = 1;
	classes = {
	};
	objectVersion = 46;
	objects = {

/* Begin PBXBuildFile section */
		D06C99F31CCE22DB0054C481 /* main.m in Sources */ = {isa = PBXBuildFile; fileRef = D06C99F21CCE22DB0054C481 /* main.m */; };
		D06C99F61CCE22DB0054C481 /* AppDelegate.m in Sources */ = {isa = PBXBuildFile; fileRef = D06C99F51CCE22DB0054C481 /* AppDelegate.m */; };
		D06C99F91CCE22DB0054C481 /* ViewController.m in Sources */ = {isa = PBXBuildFile; fileRef = D06C99F81CCE22DB0054C481 /* ViewController.m */; };
		D06C99FC1CCE22DB0054C481 /* Main.storyboard in Resources */ = {isa = PBXBuildFile; fileRef = D06C99FA1CCE22DB0054C481 /* Main.storyboard */; };
		D06C99FE1CCE22DB0054C481 /* Assets.xcassets in Resources */ = {isa = PBXBuildFile; fileRef = D06C99FD1CCE22DB0054C481 /* Assets.xcassets */; };
		D06C9A011CCE22DB0054C481 /* LaunchScreen.storyboard in Resources */ = {isa = PBXBuildFile; fileRef = D06C99FF1CCE22DB0054C481 /* LaunchScreen.storyboard */; };
/* End PBXBuildFile section */

/* Begin PBXFileReference section */
		D06C99EE1CCE22DB0054C481 /* CBWAlertView.app */ = {isa = PBXFileReference; explicitFileType = wrapper.application; includeInIndex = 0; path = CBWAlertView.app; sourceTree = BUILT_PRODUCTS_DIR; };
		D06C99F21CCE22DB0054C481 /* main.m */ = {isa = PBXFileReference; lastKnownFileType = sourcecode.c.objc; path = main.m; sourceTree = "<group>"; };
		D06C99F41CCE22DB0054C481 /* AppDelegate.h */ = {isa = PBXFileReference; lastKnownFileType = sourcecode.c.h; path = AppDelegate.h; sourceTree = "<group>"; };
		D06C99F51CCE22DB0054C481 /* AppDelegate.m */ = {isa = PBXFileReference; lastKnownFileType = sourcecode.c.objc; path = AppDelegate.m; sourceTree = "<group>"; };
		D06C99F71CCE22DB0054C481 /* ViewController.h */ = {isa = PBXFileReference; lastKnownFileType = sourcecode.c.h; path = ViewController.h; sourceTree = "<group>"; };
		D06C99F81CCE22DB0054C481 /* ViewController.m */ = {isa = PBXFileReference; lastKnownFileType = sourcecode.c.objc; path = ViewController.m; sourceTree = "<group>"; };
		D06C99FB1CCE22DB0054C481 /* Base */ = {isa = PBXFileReference; lastKnownFileType = file.storyboard; name = Base; path = Base.lproj/Main.storyboard; sourceTree = "<group>"; };
		D06C99FD1CCE22DB0054C481 /* Assets.xcassets */ = {isa = PBXFileReference; lastKnownFileType = folder.assetcatalog; path = Assets.xcassets; sourceTree = "<group>"; };
		D06C9A001CCE22DB0054C481 /* Base */ = {isa = PBXFileReference; lastKnownFileType = file.storyboard; name = Base; path = Base.lproj/LaunchScreen.storyboard; sourceTree = "<group>"; };
		D06C9A021CCE22DB0054C481 /* Info.plist */ = {isa = PBXFileReference; lastKnownFileType = text.plist.xml; path = Info.plist; sourceTree = "<group>"; };
/* End PBXFileReference section */

/* Begin PBXFrameworksBuildPhase section */
		D06C99EB1CCE22DB0054C481 /* Frameworks */ = {
			isa = PBXFrameworksBuildPhase;
			buildActionMask = 2147483647;
			files = (
			);
			runOnlyForDeploymentPostprocessing = 0;
		};
/* End PBXFrameworksBuildPhase section */

/* Begin PBXGroup section */
		D06C99E51CCE22DB0054C481 = {
			isa = PBXGroup;
			children = (
				D06C99F01CCE22DB0054C481 /* CBWAlertView */,
				D06C99EF1CCE22DB0054C481 /* Products */,
			);
			sourceTree = "<group>";
		};
		D06C99EF1CCE22DB0054C481 /* Products */ = {
			isa = PBXGroup;
			children = (
				D06C99EE1CCE22DB0054C481 /* CBWAlertView.app */,
			);
			name = Products;
			sourceTree = "<group>";
		};
		D06C99F01CCE22DB0054C481 /* CBWAlertView */ = {
			isa = PBXGroup;
			children = (
				D06C99F41CCE22DB0054C481 /* AppDelegate.h */,
				D06C99F51CCE22DB0054C481 /* AppDelegate.m */,
				D06C99F71CCE22DB0054C481 /* ViewController.h */,
				D06C99F81CCE22DB0054C481 /* ViewController.m */,
				D06C99FA1CCE22DB0054C481 /* Main.storyboard */,
				D06C99FD1CCE22DB0054C481 /* Assets.xcassets */,
				D06C99FF1CCE22DB0054C481 /* LaunchScreen.storyboard */,
				D06C9A021CCE22DB0054C481 /* Info.plist */,
				D06C99F11CCE22DB0054C481 /* Supporting Files */,
			);
			path = CBWAlertView;
			sourceTree = "<group>";
		};
		D06C99F11CCE22DB0054C481 /* Supporting Files */ = {
			isa = PBXGroup;
			children = (
				D06C99F21CCE22DB0054C481 /* main.m */,
			);
			name = "Supporting Files";
			sourceTree = "<group>";
		};
/* End PBXGroup section */

/* Begin PBXNativeTarget section */
		D06C99ED1CCE22DB0054C481 /* CBWAlertView */ = {
			isa = PBXNativeTarget;
			buildConfigurationList = D06C9A051CCE22DB0054C481 /* Build configuration list for PBXNativeTarget "CBWAlertView" */;
			buildPhases = (
				D06C99EA1CCE22DB0054C481 /* Sources */,
				D06C99EB1CCE22DB0054C481 /* Frameworks */,
				D06C99EC1CCE22DB0054C481 /* Resources */,
			);
			buildRules = (
			);
			dependencies = (
			);
			name = CBWAlertView;
			productName = CBWAlertView;
			productReference = D06C99EE1CCE22DB0054C481 /* CBWAlertView.app */;
			productType = "com.apple.product-type.application";
		};
/* End PBXNativeTarget section */

/* Begin PBXProject section */
		D06C99E61CCE22DB0054C481 /* Project object */ = {
			isa = PBXProject;
			attributes = {
				LastUpgradeCheck = 0730;
				ORGANIZATIONNAME = "陈博文";
				TargetAttributes = {
					D06C99ED1CCE22DB0054C481 = {
						CreatedOnToolsVersion = 7.3;
					};
				};
			};
			buildConfigurationList = D06C99E91CCE22DB0054C481 /* Build configuration list for PBXProject "CBWAlertView" */;
			compatibilityVersion = "Xcode 3.2";
			developmentRegion = English;
			hasScannedForEncodings = 0;
			knownRegions = (
				en,
				Base,
			);
			mainGroup = D06C99E51CCE22DB0054C481;
			productRefGroup = D06C99EF1CCE22DB0054C481 /* Products */;
			projectDirPath = "";
			projectRoot = "";
			targets = (
				D06C99ED1CCE22DB0054C481 /* CBWAlertView */,
			);
		};
/* End PBXProject section */

/* Begin PBXResourcesBuildPhase section */
		D06C99EC1CCE22DB0054C481 /* Resources */ = {
			isa = PBXResourcesBuildPhase;
			buildActionMask = 2147483647;
			files = (
				D06C9A011CCE22DB0054C481 /* LaunchScreen.storyboard in Resources */,
				D06C99FE1CCE22DB0054C481 /* Assets.xcassets in Resources */,
				D06C99FC1CCE22DB0054C481 /* Main.storyboard in Resources */,
			);
			runOnlyForDeploymentPostprocessing = 0;
		};
/* End PBXResourcesBuildPhase section */

/* Begin PBXSourcesBuildPhase section */
		D06C99EA1CCE22DB0054C481 /* Sources */ = {
			isa = PBXSourcesBuildPhase;
			buildActionMask = 2147483647;
			files = (
				D06C99F91CCE22DB0054C481 /* ViewController.m in Sources */,
				D06C99F61CCE22DB0054C481 /* AppDelegate.m in Sources */,
				D06C99F31CCE22DB0054C481 /* main.m in Sources */,
			);
			runOnlyForDeploymentPostprocessing = 0;
		};
/* End PBXSourcesBuildPhase section */

/* Begin PBXVariantGroup section */
		D06C99FA1CCE22DB0054C481 /* Main.storyboard */ = {
			isa = PBXVariantGroup;
			children = (
				D06C99FB1CCE22DB0054C481 /* Base */,
			);
			name = Main.storyboard;
			sourceTree = "<group>";
		};
		D06C99FF1CCE22DB0054C481 /* LaunchScreen.storyboard */ = {
			isa = PBXVariantGroup;
			children = (
				D06C9A001CCE22DB0054C481 /* Base */,
			);
			name = LaunchScreen.storyboard;
			sourceTree = "<group>";
		};
/* End PBXVariantGroup section */

/* Begin XCBuildConfiguration section */
		D06C9A031CCE22DB0054C481 /* Debug */ = {
			isa = XCBuildConfiguration;
			buildSettings = {
				ALWAYS_SEARCH_USER_PATHS = NO;
				CLANG_ANALYZER_NONNULL = YES;
				CLANG_CXX_LANGUAGE_STANDARD = "gnu++0x";
				CLANG_CXX_LIBRARY = "libc++";
				CLANG_ENABLE_MODULES = YES;
				CLANG_ENABLE_OBJC_ARC = YES;
				CLANG_WARN_BOOL_CONVERSION = YES;
				CLANG_WARN_CONSTANT_CONVERSION = YES;
				CLANG_WARN_DIRECT_OBJC_ISA_USAGE = YES_ERROR;
				CLANG_WARN_EMPTY_BODY = YES;
				CLANG_WARN_ENUM_CONVERSION = YES;
				CLANG_WARN_INT_CONVERSION = YES;
				CLANG_WARN_OBJC_ROOT_CLASS = YES_ERROR;
				CLANG_WARN_UNREACHABLE_CODE = YES;
				CLANG_WARN__DUPLICATE_METHOD_MATCH = YES;
				"CODE_SIGN_IDENTITY[sdk=iphoneos*]" = "iPhone Developer";
				COPY_PHASE_STRIP = NO;
				DEBUG_INFORMATION_FORMAT = dwarf;
				ENABLE_STRICT_OBJC_MSGSEND = YES;
				ENABLE_TESTABILITY = YES;
				GCC_C_LANGUAGE_STANDARD = gnu99;
				GCC_DYNAMIC_NO_PIC = NO;
				GCC_NO_COMMON_BLOCKS = YES;
				GCC_OPTIMIZATION_LEVEL = 0;
				GCC_PREPROCESSOR_DEFINITIONS = (
					"DEBUG=1",
					"$(inherited)",
				);
				GCC_WARN_64_TO_32_BIT_CONVERSION = YES;
				GCC_WARN_ABOUT_RETURN_TYPE = YES_ERROR;
				GCC_WARN_UNDECLARED_SELECTOR = YES;
				GCC_WARN_UNINITIALIZED_AUTOS = YES_AGGRESSIVE;
				GCC_WARN_UNUSED_FUNCTION = YES;
				GCC_WARN_UNUSED_VARIABLE = YES;
				IPHONEOS_DEPLOYMENT_TARGET = 9.3;
				MTL_ENABLE_DEBUG_INFO = YES;
				ONLY_ACTIVE_ARCH = YES;
				SDKROOT = iphoneos;
				TARGETED_DEVICE_FAMILY = "1,2";
			};
			name = Debug;
		};
		D06C9A041CCE22DB0054C481 /* Release */ = {
			isa = XCBuildConfiguration;
			buildSettings = {
				ALWAYS_SEARCH_USER_PATHS = NO;
				CLANG_ANALYZER_NONNULL = YES;
				CLANG_CXX_LANGUAGE_STANDARD = "gnu++0x";
				CLANG_CXX_LIBRARY = "libc++";
				CLANG_ENABLE_MODULES = YES;
				CLANG_ENABLE_OBJC_ARC = YES;
				CLANG_WARN_BOOL_CONVERSION = YES;
				CLANG_WARN_CONSTANT_CONVERSION = YES;
				CLANG_WARN_DIRECT_OBJC_ISA_USAGE = YES_ERROR;
				CLANG_WARN_EMPTY_BODY = YES;
				CLANG_WARN_ENUM_CONVERSION = YES;
				CLANG_WARN_INT_CONVERSION = YES;
				CLANG_WARN_OBJC_ROOT_CLASS = YES_ERROR;
				CLANG_WARN_UNREACHABLE_CODE = YES;
				CLANG_WARN__DUPLICATE_METHOD_MATCH = YES;
				"CODE_SIGN_IDENTITY[sdk=iphoneos*]" = "iPhone Developer";
				COPY_PHASE_STRIP = NO;
				DEBUG_INFORMATION_FORMAT = "dwarf-with-dsym";
				ENABLE_NS_ASSERTIONS = NO;
				ENABLE_STRICT_OBJC_MSGSEND = YES;
				GCC_C_LANGUAGE_STANDARD = gnu99;
				GCC_NO_COMMON_BLOCKS = YES;
				GCC_WARN_64_TO_32_BIT_CONVERSION = YES;
				GCC_WARN_ABOUT_RETURN_TYPE = YES_ERROR;
				GCC_WARN_UNDECLARED_SELECTOR = YES;
				GCC_WARN_UNINITIALIZED_AUTOS = YES_AGGRESSIVE;
				GCC_WARN_UNUSED_FUNCTION = YES;
				GCC_WARN_UNUSED_VARIABLE = YES;
				IPHONEOS_DEPLOYMENT_TARGET = 9.3;
				MTL_ENABLE_DEBUG_INFO = NO;
				SDKROOT = iphoneos;
				TARGETED_DEVICE_FAMILY = "1,2";
				VALIDATE_PRODUCT = YES;
			};
			name = Release;
		};
		D06C9A061CCE22DB0054C481 /* Debug */ = {
			isa = XCBuildConfiguration;
			buildSettings = {
				ASSETCATALOG_COMPILER_APPICON_NAME = AppIcon;
				INFOPLIST_FILE = CBWAlertView/Info.plist;
				LD_RUNPATH_SEARCH_PATHS = "$(inherited) @executable_path/Frameworks";
				PRODUCT_BUNDLE_IDENTIFIER = cc.CBWAlertView;
				PRODUCT_NAME = "$(TARGET_NAME)";
			};
			name = Debug;
		};
		D06C9A071CCE22DB0054C481 /* Release */ = {
			isa = XCBuildConfiguration;
			buildSettings = {
				ASSETCATALOG_COMPILER_APPICON_NAME = AppIcon;
				INFOPLIST_FILE = CBWAlertView/Info.plist;
				LD_RUNPATH_SEARCH_PATHS = "$(inherited) @executable_path/Frameworks";
				PRODUCT_BUNDLE_IDENTIFIER = cc.CBWAlertView;
				PRODUCT_NAME = "$(TARGET_NAME)";
			};
			name = Release;
		};
/* End XCBuildConfiguration section */

/* Begin XCConfigurationList section */
		D06C99E91CCE22DB0054C481 /* Build configuration list for PBXProject "CBWAlertView" */ = {
			isa = XCConfigurationList;
			buildConfigurations = (
				D06C9A031CCE22DB0054C481 /* Debug */,
				D06C9A041CCE22DB0054C481 /* Release */,
			);
			defaultConfigurationIsVisible = 0;
			defaultConfigurationName = Release;
		};
		D06C9A051CCE22DB0054C481 /* Build configuration list for PBXNativeTarget "CBWAlertView" */ = {
			isa = XCConfigurationList;
			buildConfigurations = (
				D06C9A061CCE22DB0054C481 /* Debug */,
				D06C9A071CCE22DB0054C481 /* Release */,
			);
			defaultConfigurationIsVisible = 0;
		};
/* End XCConfigurationList section */
	};
	rootObject = D06C99E61CCE22DB0054C481 /* Project object */;
}
